{
  "originHash" : "2df6280486a953f9a24c0168cd748e29d7eb8ce422bcacebb5e9e2b4367d9654",
  "pins" : [
    {
      "identity" : "grdb.swift",
      "kind" : "remoteSourceControl",
      "location" : "https://github.com/groue/GRDB.swift.git",
      "state" : {
        "revision" : "8ba1bc9a96afc731a000fd4136dd13a5a46297bd",
        "version" : "7.6.1"
      }
    }
  ],
  "version" : 3
}
